
Microsoft Visual Studio Solution File, Format Version 12.00
# Visual Studio Version 17
VisualStudioVersion = 17.14.36301.6 d17.14
MinimumVisualStudioVersion = 10.0.40219.1
Project("{FAE04EC0-301F-11D3-BF4B-00C04F79EFBC}") = "Smart Parking System", "Smart Parking System.csproj", "{2C2B4E6E-F927-4DE6-9164-F6A6A342F890}"
EndProject
Global
	GlobalSection(SolutionConfigurationPlatforms) = preSolution
		Debug|Any CPU = Debug|Any CPU
		Release|Any CPU = Release|Any CPU
	EndGlobalSection
	GlobalSection(ProjectConfigurationPlatforms) = postSolution
		{2C2B4E6E-F927-4DE6-9164-F6A6A342F890}.Debug|Any CPU.ActiveCfg = Debug|Any CPU
		{2C2B4E6E-F927-4DE6-9164-F6A6A342F890}.Debug|Any CPU.Build.0 = Debug|Any CPU
		{2C2B4E6E-F927-4DE6-9164-F6A6A342F890}.Release|Any CPU.ActiveCfg = Release|Any CPU
		{2C2B4E6E-F927-4DE6-9164-F6A6A342F890}.Release|Any CPU.Build.0 = Release|Any CPU
	EndGlobalSection
	GlobalSection(SolutionProperties) = preSolution
		HideSolutionNode = FALSE
	EndGlobalSection
	GlobalSection(ExtensibilityGlobals) = postSolution
		SolutionGuid = {B31B3473-5F81-43E7-AF00-DAF73094F93F}
	EndGlobalSection
EndGlobal
